
Microsoft Visual Studio Solution File, Format Version 12.00
# Visual Studio Version 17
VisualStudioVersion = 17.2.32630.192
MinimumVisualStudioVersion = 10.0.40219.1
Project("{FAE04EC0-301F-11D3-BF4B-00C04F79EFBC}") = "proj_sandbox_csharp___estrutura_padrao_processamento", "proj_sandbox_csharp___estrutura_padrao_processamento\proj_sandbox_csharp___estrutura_padrao_processamento.csproj", "{F83ED404-A6A0-437D-9494-DC8E0B8E8451}"
EndProject
Global
	GlobalSection(SolutionConfigurationPlatforms) = preSolution
		Debug|Any CPU = Debug|Any CPU
		Release|Any CPU = Release|Any CPU
	EndGlobalSection
	GlobalSection(ProjectConfigurationPlatforms) = postSolution
		{F83ED404-A6A0-437D-9494-DC8E0B8E8451}.Debug|Any CPU.ActiveCfg = Debug|Any CPU
		{F83ED404-A6A0-437D-9494-DC8E0B8E8451}.Debug|Any CPU.Build.0 = Debug|Any CPU
		{F83ED404-A6A0-437D-9494-DC8E0B8E8451}.Release|Any CPU.ActiveCfg = Release|Any CPU
		{F83ED404-A6A0-437D-9494-DC8E0B8E8451}.Release|Any CPU.Build.0 = Release|Any CPU
	EndGlobalSection
	GlobalSection(SolutionProperties) = preSolution
		HideSolutionNode = FALSE
	EndGlobalSection
	GlobalSection(ExtensibilityGlobals) = postSolution
		SolutionGuid = {F7AAAF33-B222-473A-9C89-4ACEDBD720C3}
	EndGlobalSection
EndGlobal
